PODS:
  - Cosmos (23.0.0)
  - Kingfisher (7.2.0)
  - SideMenu (6.5.0)
  - SwiftSoup (2.3.3)

DEPENDENCIES:
  - Cosmos
  - Kingfisher
  - SideMenu
  - SwiftSoup

SPEC REPOS:
  trunk:
    - Cosmos
    - Kingfisher
    - SideMenu
    - SwiftSoup

SPEC CHECKSUMS:
  Cosmos: b5c6a9a637e28a061b54c8f8b1d8529d7d4db73f
  Kingfisher: 3ac0b75b155cabc0e544877d1a4deea29feece92
  SideMenu: f583187d21c5b1dd04c72002be544b555a2627a2
  SwiftSoup: 8e4844e785a975744f2c2606f8b3844ef67eb259

PODFILE CHECKSUM: 8e9e9546e489788f05a4766ebdcc8dbb970df35b

COCOAPODS: 1.11.2
